// !$*UTF8*$!
{
	archiveVersion = 1;
	classes = {
	};
	objectVersion = 50;
	objects = {

/* Begin PBXBuildFile section */
		1E2702492543ED1400AAE0EA /* AppDelegate.swift in Sources */ = {isa = PBXBuildFile; fileRef = 1E2702482543ED1400AAE0EA /* AppDelegate.swift */; };
		1E27024B2543ED1400AAE0EA /* SceneDelegate.swift in Sources */ = {isa = PBXBuildFile; fileRef = 1E27024A2543ED1400AAE0EA /* SceneDelegate.swift */; };
		1E2702502543ED1400AAE0EA /* Main.storyboard in Resources */ = {isa = PBXBuildFile; fileRef = 1E27024E2543ED1400AAE0EA /* Main.storyboard */; };
		1E2702522543ED1600AAE0EA /* Assets.xcassets in Resources */ = {isa = PBXBuildFile; fileRef = 1E2702512543ED1600AAE0EA /* Assets.xcassets */; };
		1E2702552543ED1600AAE0EA /* LaunchScreen.storyboard in Resources */ = {isa = PBXBuildFile; fileRef = 1E2702532543ED1600AAE0EA /* LaunchScreen.storyboard */; };
		1E2702602543ED1700AAE0EA /* FlixTests.swift in Sources */ = {isa = PBXBuildFile; fileRef = 1E27025F2543ED1700AAE0EA /* FlixTests.swift */; };
		1E27026B2543ED1700AAE0EA /* FlixUITests.swift in Sources */ = {isa = PBXBuildFile; fileRef = 1E27026A2543ED1700AAE0EA /* FlixUITests.swift */; };
		1E27027F2543EDB100AAE0EA /* MoviesViewController.swift in Sources */ = {isa = PBXBuildFile; fileRef = 1E27027E2543EDB100AAE0EA /* MoviesViewController.swift */; };
		1E2702842543F38500AAE0EA /* MovieCell.swift in Sources */ = {isa = PBXBuildFile; fileRef = 1E2702832543F38500AAE0EA /* MovieCell.swift */; };
		441A7C0F0D038C2120ED2E80 /* Pods_Flix.framework in Frameworks */ = {isa = PBXBuildFile; fileRef = DB22E58C28B90E6A6C9B68C6 /* Pods_Flix.framework */; };
		45C3D1C893AED79B9AE8B281 /* Pods_Flix_FlixUITests.framework in Frameworks */ = {isa = PBXBuildFile; fileRef = 689E22C432291071B687BEA7 /* Pods_Flix_FlixUITests.framework */; };
		8D92BDE2D9C527FA03021141 /* Pods_FlixTests.framework in Frameworks */ = {isa = PBXBuildFile; fileRef = 9B952D305E5F8709D99D7CF1 /* Pods_FlixTests.framework */; };
/* End PBXBuildFile section */

/* Begin PBXContainerItemProxy section */
		1E27025C2543ED1700AAE0EA /* PBXContainerItemProxy */ = {
			isa = PBXContainerItemProxy;
			containerPortal = 1E27023D2543ED1400AAE0EA /* Project object */;
			proxyType = 1;
			remoteGlobalIDString = 1E2702442543ED1400AAE0EA;
			remoteInfo = Flix;
		};
		1E2702672543ED1700AAE0EA /* PBXContainerItemProxy */ = {
			isa = PBXContainerItemProxy;
			containerPortal = 1E27023D2543ED1400AAE0EA /* Project object */;
			proxyType = 1;
			remoteGlobalIDString = 1E2702442543ED1400AAE0EA;
			remoteInfo = Flix;
		};
/* End PBXContainerItemProxy section */

/* Begin PBXFileReference section */
		0EB58D8F4DD917DD2583E82A /* Pods-FlixTests.debug.xcconfig */ = {isa = PBXFileReference; includeInIndex = 1; lastKnownFileType = text.xcconfig; name = "Pods-FlixTests.debug.xcconfig"; path = "Target Support Files/Pods-FlixTests/Pods-FlixTests.debug.xcconfig"; sourceTree = "<group>"; };
		1E2702452543ED1400AAE0EA /* Flix.app */ = {isa = PBXFileReference; explicitFileType = wrapper.application; includeInIndex = 0; path = Flix.app; sourceTree = BUILT_PRODUCTS_DIR; };
		1E2702482543ED1400AAE0EA /* AppDelegate.swift */ = {isa = PBXFileReference; lastKnownFileType = sourcecode.swift; path = AppDelegate.swift; sourceTree = "<group>"; };
		1E27024A2543ED1400AAE0EA /* SceneDelegate.swift */ = {isa = PBXFileReference; lastKnownFileType = sourcecode.swift; path = SceneDelegate.swift; sourceTree = "<group>"; };
		1E27024F2543ED1400AAE0EA /* Base */ = {isa = PBXFileReference; lastKnownFileType = file.storyboard; name = Base; path = Base.lproj/Main.storyboard; sourceTree = "<group>"; };
		1E2702512543ED1600AAE0EA /* Assets.xcassets */ = {isa = PBXFileReference; lastKnownFileType = folder.assetcatalog; path = Assets.xcassets; sourceTree = "<group>"; };
		1E2702542543ED1600AAE0EA /* Base */ = {isa = PBXFileReference; lastKnownFileType = file.storyboard; name = Base; path = Base.lproj/LaunchScreen.storyboard; sourceTree = "<group>"; };
		1E2702562543ED1600AAE0EA /* Info.plist */ = {isa = PBXFileReference; lastKnownFileType = text.plist.xml; path = Info.plist; sourceTree = "<group>"; };
		1E27025B2543ED1700AAE0EA /* FlixTests.xctest */ = {isa = PBXFileReference; explicitFileType = wrapper.cfbundle; includeInIndex = 0; path = FlixTests.xctest; sourceTree = BUILT_PRODUCTS_DIR; };
		1E27025F2543ED1700AAE0EA /* FlixTests.swift */ = {isa = PBXFileReference; lastKnownFileType = sourcecode.swift; path = FlixTests.swift; sourceTree = "<group>"; };
		1E2702612543ED1700AAE0EA /* Info.plist */ = {isa = PBXFileReference; lastKnownFileType = text.plist.xml; path = Info.plist; sourceTree = "<group>"; };
		1E2702662543ED1700AAE0EA /* FlixUITests.xctest */ = {isa = PBXFileReference; explicitFileType = wrapper.cfbundle; includeInIndex = 0; path = FlixUITests.xctest; sourceTree = BUILT_PRODUCTS_DIR; };
		1E27026A2543ED1700AAE0EA /* FlixUITests.swift */ = {isa = PBXFileReference; lastKnownFileType = sourcecode.swift; path = FlixUITests.swift; sourceTree = "<group>"; };
		1E27026C2543ED1700AAE0EA /* Info.plist */ = {isa = PBXFileReference; lastKnownFileType = text.plist.xml; path = Info.plist; sourceTree = "<group>"; };
		1E27027E2543EDB100AAE0EA /* MoviesViewController.swift */ = {isa = PBXFileReference; lastKnownFileType = sourcecode.swift; path = MoviesViewController.swift; sourceTree = "<group>"; };
		1E2702832543F38500AAE0EA /* MovieCell.swift */ = {isa = PBXFileReference; lastKnownFileType = sourcecode.swift; path = MovieCell.swift; sourceTree = "<group>"; };
		1E7EE0B4AFAA3DBFFED2744B /* Pods-Flix.debug.xcconfig */ = {isa = PBXFileReference; includeInIndex = 1; lastKnownFileType = text.xcconfig; name = "Pods-Flix.debug.xcconfig"; path = "Target Support Files/Pods-Flix/Pods-Flix.debug.xcconfig"; sourceTree = "<group>"; };
		33CF9769978306136CF0F265 /* Pods-Flix-FlixUITests.debug.xcconfig */ = {isa = PBXFileReference; includeInIndex = 1; lastKnownFileType = text.xcconfig; name = "Pods-Flix-FlixUITests.debug.xcconfig"; path = "Target Support Files/Pods-Flix-FlixUITests/Pods-Flix-FlixUITests.debug.xcconfig"; sourceTree = "<group>"; };
		689E22C432291071B687BEA7 /* Pods_Flix_FlixUITests.framework */ = {isa = PBXFileReference; explicitFileType = wrapper.framework; includeInIndex = 0; path = Pods_Flix_FlixUITests.framework; sourceTree = BUILT_PRODUCTS_DIR; };
		917E74B826BE0FAD4432754D /* Pods-FlixTests.release.xcconfig */ = {isa = PBXFileReference; includeInIndex = 1; lastKnownFileType = text.xcconfig; name = "Pods-FlixTests.release.xcconfig"; path = "Target Support Files/Pods-FlixTests/Pods-FlixTests.release.xcconfig"; sourceTree = "<group>"; };
		9B952D305E5F8709D99D7CF1 /* Pods_FlixTests.framework */ = {isa = PBXFileReference; explicitFileType = wrapper.framework; includeInIndex = 0; path = Pods_FlixTests.framework; sourceTree = BUILT_PRODUCTS_DIR; };
		D0728BDA1D96A4AE31D3DCA9 /* Pods-Flix.release.xcconfig */ = {isa = PBXFileReference; includeInIndex = 1; lastKnownFileType = text.xcconfig; name = "Pods-Flix.release.xcconfig"; path = "Target Support Files/Pods-Flix/Pods-Flix.release.xcconfig"; sourceTree = "<group>"; };
		DB22E58C28B90E6A6C9B68C6 /* Pods_Flix.framework */ = {isa = PBXFileReference; explicitFileType = wrapper.framework; includeInIndex = 0; path = Pods_Flix.framework; sourceTree = BUILT_PRODUCTS_DIR; };
		F882B69476F2DD0D4BB2C8BE /* Pods-Flix-FlixUITests.release.xcconfig */ = {isa = PBXFileReference; includeInIndex = 1; lastKnownFileType = text.xcconfig; name = "Pods-Flix-FlixUITests.release.xcconfig"; path = "Target Support Files/Pods-Flix-FlixUITests/Pods-Flix-FlixUITests.release.xcconfig"; sourceTree = "<group>"; };
/* End PBXFileReference section */

/* Begin PBXFrameworksBuildPhase section */
		1E2702422543ED1400AAE0EA /* Frameworks */ = {
			isa = PBXFrameworksBuildPhase;
			buildActionMask = 2147483647;
			files = (
				441A7C0F0D038C2120ED2E80 /* Pods_Flix.framework in Frameworks */,
			);
			runOnlyForDeploymentPostprocessing = 0;
		};
		1E2702582543ED1700AAE0EA /* Frameworks */ = {
			isa = PBXFrameworksBuildPhase;
			buildActionMask = 2147483647;
			files = (
				8D92BDE2D9C527FA03021141 /* Pods_FlixTests.framework in Frameworks */,
			);
			runOnlyForDeploymentPostprocessing = 0;
		};
		1E2702632543ED1700AAE0EA /* Frameworks */ = {
			isa = PBXFrameworksBuildPhase;
			buildActionMask = 2147483647;
			files = (
				45C3D1C893AED79B9AE8B281 /* Pods_Flix_FlixUITests.framework in Frameworks */,
			);
			runOnlyForDeploymentPostprocessing = 0;
		};
/* End PBXFrameworksBuildPhase section */

/* Begin PBXGroup section */
		1E27023C2543ED1400AAE0EA = {
			isa = PBXGroup;
			children = (
				1E2702472543ED1400AAE0EA /* Flix */,
				1E27025E2543ED1700AAE0EA /* FlixTests */,
				1E2702692543ED1700AAE0EA /* FlixUITests */,
				1E2702462543ED1400AAE0EA /* Products */,
				A8510DB3CAFF07A0BCDD8500 /* Pods */,
				46938CD7ADDEF3A741A0D4BD /* Frameworks */,
			);
			sourceTree = "<group>";
		};
		1E2702462543ED1400AAE0EA /* Products */ = {
			isa = PBXGroup;
			children = (
				1E2702452543ED1400AAE0EA /* Flix.app */,
				1E27025B2543ED1700AAE0EA /* FlixTests.xctest */,
				1E2702662543ED1700AAE0EA /* FlixUITests.xctest */,
			);
			name = Products;
			sourceTree = "<group>";
		};
		1E2702472543ED1400AAE0EA /* Flix */ = {
			isa = PBXGroup;
			children = (
				1E2702482543ED1400AAE0EA /* AppDelegate.swift */,
				1E27024A2543ED1400AAE0EA /* SceneDelegate.swift */,
				1E27024E2543ED1400AAE0EA /* Main.storyboard */,
				1E2702512543ED1600AAE0EA /* Assets.xcassets */,
				1E2702532543ED1600AAE0EA /* LaunchScreen.storyboard */,
				1E2702562543ED1600AAE0EA /* Info.plist */,
				1E27027E2543EDB100AAE0EA /* MoviesViewController.swift */,
				1E2702832543F38500AAE0EA /* MovieCell.swift */,
			);
			path = Flix;
			sourceTree = "<group>";
		};
		1E27025E2543ED1700AAE0EA /* FlixTests */ = {
			isa = PBXGroup;
			children = (
				1E27025F2543ED1700AAE0EA /* FlixTests.swift */,
				1E2702612543ED1700AAE0EA /* Info.plist */,
			);
			path = FlixTests;
			sourceTree = "<group>";
		};
		1E2702692543ED1700AAE0EA /* FlixUITests */ = {
			isa = PBXGroup;
			children = (
				1E27026A2543ED1700AAE0EA /* FlixUITests.swift */,
				1E27026C2543ED1700AAE0EA /* Info.plist */,
			);
			path = FlixUITests;
			sourceTree = "<group>";
		};
		46938CD7ADDEF3A741A0D4BD /* Frameworks */ = {
			isa = PBXGroup;
			children = (
				DB22E58C28B90E6A6C9B68C6 /* Pods_Flix.framework */,
				689E22C432291071B687BEA7 /* Pods_Flix_FlixUITests.framework */,
				9B952D305E5F8709D99D7CF1 /* Pods_FlixTests.framework */,
			);
			name = Frameworks;
			sourceTree = "<group>";
		};
		A8510DB3CAFF07A0BCDD8500 /* Pods */ = {
			isa = PBXGroup;
			children = (
				1E7EE0B4AFAA3DBFFED2744B /* Pods-Flix.debug.xcconfig */,
				D0728BDA1D96A4AE31D3DCA9 /* Pods-Flix.release.xcconfig */,
				33CF9769978306136CF0F265 /* Pods-Flix-FlixUITests.debug.xcconfig */,
				F882B69476F2DD0D4BB2C8BE /* Pods-Flix-FlixUITests.release.xcconfig */,
				0EB58D8F4DD917DD2583E82A /* Pods-FlixTests.debug.xcconfig */,
				917E74B826BE0FAD4432754D /* Pods-FlixTests.release.xcconfig */,
			);
			name = Pods;
			path = Pods;
			sourceTree = "<group>";
		};
/* End PBXGroup section */

/* Begin PBXNativeTarget section */
		1E2702442543ED1400AAE0EA /* Flix */ = {
			isa = PBXNativeTarget;
			buildConfigurationList = 1E27026F2543ED1700AAE0EA /* Build configuration list for PBXNativeTarget "Flix" */;
			buildPhases = (
				EE5DCA22A8E2849D59674ED9 /* [CP] Check Pods Manifest.lock */,
				1E2702412543ED1400AAE0EA /* Sources */,
				1E2702422543ED1400AAE0EA /* Frameworks */,
				1E2702432543ED1400AAE0EA /* Resources */,
				943F9EE6BE271CAEE19DE257 /* [CP] Embed Pods Frameworks */,
			);
			buildRules = (
			);
			dependencies = (
			);
			name = Flix;
			productName = Flix;
			productReference = 1E2702452543ED1400AAE0EA /* Flix.app */;
			productType = "com.apple.product-type.application";
		};
		1E27025A2543ED1700AAE0EA /* FlixTests */ = {
			isa = PBXNativeTarget;
			buildConfigurationList = 1E2702722543ED1700AAE0EA /* Build configuration list for PBXNativeTarget "FlixTests" */;
			buildPhases = (
				7A9CBF4B70A61E54AD8A4A06 /* [CP] Check Pods Manifest.lock */,
				1E2702572543ED1700AAE0EA /* Sources */,
				1E2702582543ED1700AAE0EA /* Frameworks */,
				1E2702592543ED1700AAE0EA /* Resources */,
			);
			buildRules = (
			);
			dependencies = (
				1E27025D2543ED1700AAE0EA /* PBXTargetDependency */,
			);
			name = FlixTests;
			productName = FlixTests;
			productReference = 1E27025B2543ED1700AAE0EA /* FlixTests.xctest */;
			productType = "com.apple.product-type.bundle.unit-test";
		};
		1E2702652543ED1700AAE0EA /* FlixUITests */ = {
			isa = PBXNativeTarget;
			buildConfigurationList = 1E2702752543ED1700AAE0EA /* Build configuration list for PBXNativeTarget "FlixUITests" */;
			buildPhases = (
				991566745DE8667564866710 /* [CP] Check Pods Manifest.lock */,
				1E2702622543ED1700AAE0EA /* Sources */,
				1E2702632543ED1700AAE0EA /* Frameworks */,
				1E2702642543ED1700AAE0EA /* Resources */,
				43ED79103F6956A8EACBDF2B /* [CP] Embed Pods Frameworks */,
			);
			buildRules = (
			);
			dependencies = (
				1E2702682543ED1700AAE0EA /* PBXTargetDependency */,
			);
			name = FlixUITests;
			productName = FlixUITests;
			productReference = 1E2702662543ED1700AAE0EA /* FlixUITests.xctest */;
			productType = "com.apple.product-type.bundle.ui-testing";
		};
/* End PBXNativeTarget section */

/* Begin PBXProject section */
		1E27023D2543ED1400AAE0EA /* Project object */ = {
			isa = PBXProject;
			attributes = {
				LastSwiftUpdateCheck = 1200;
				LastUpgradeCheck = 1200;
				TargetAttributes = {
					1E2702442543ED1400AAE0EA = {
						CreatedOnToolsVersion = 12.0.1;
					};
					1E27025A2543ED1700AAE0EA = {
						CreatedOnToolsVersion = 12.0.1;
						TestTargetID = 1E2702442543ED1400AAE0EA;
					};
					1E2702652543ED1700AAE0EA = {
						CreatedOnToolsVersion = 12.0.1;
						TestTargetID = 1E2702442543ED1400AAE0EA;
					};
				};
			};
			buildConfigurationList = 1E2702402543ED1400AAE0EA /* Build configuration list for PBXProject "Flix" */;
			compatibilityVersion = "Xcode 9.3";
			developmentRegion = en;
			hasScannedForEncodings = 0;
			knownRegions = (
				en,
				Base,
			);
			mainGroup = 1E27023C2543ED1400AAE0EA;
			productRefGroup = 1E2702462543ED1400AAE0EA /* Products */;
			projectDirPath = "";
			projectRoot = "";
			targets = (
				1E2702442543ED1400AAE0EA /* Flix */,
				1E27025A2543ED1700AAE0EA /* FlixTests */,
				1E2702652543ED1700AAE0EA /* FlixUITests */,
			);
		};
/* End PBXProject section */

/* Begin PBXResourcesBuildPhase section */
		1E2702432543ED1400AAE0EA /* Resources */ = {
			isa = PBXResourcesBuildPhase;
			buildActionMask = 2147483647;
			files = (
				1E2702552543ED1600AAE0EA /* LaunchScreen.storyboard in Resources */,
				1E2702522543ED1600AAE0EA /* Assets.xcassets in Resources */,
				1E2702502543ED1400AAE0EA /* Main.storyboard in Resources */,
			);
			runOnlyForDeploymentPostprocessing = 0;
		};
		1E2702592543ED1700AAE0EA /* Resources */ = {
			isa = PBXResourcesBuildPhase;
			buildActionMask = 2147483647;
			files = (
			);
			runOnlyForDeploymentPostprocessing = 0;
		};
		1E2702642543ED1700AAE0EA /* Resources */ = {
			isa = PBXResourcesBuildPhase;
			buildActionMask = 2147483647;
			files = (
			);
			runOnlyForDeploymentPostprocessing = 0;
		};
/* End PBXResourcesBuildPhase section */

/* Begin PBXShellScriptBuildPhase section */
		43ED79103F6956A8EACBDF2B /* [CP] Embed Pods Frameworks */ = {
			isa = PBXShellScriptBuildPhase;
			buildActionMask = 2147483647;
			files = (
			);
			inputFileListPaths = (
				"${PODS_ROOT}/Target Support Files/Pods-Flix-FlixUITests/Pods-Flix-FlixUITests-frameworks-${CONFIGURATION}-input-files.xcfilelist",
			);
			name = "[CP] Embed Pods Frameworks";
			outputFileListPaths = (
				"${PODS_ROOT}/Target Support Files/Pods-Flix-FlixUITests/Pods-Flix-FlixUITests-frameworks-${CONFIGURATION}-output-files.xcfilelist",
			);
			runOnlyForDeploymentPostprocessing = 0;
			shellPath = /bin/sh;
			shellScript = "\"${PODS_ROOT}/Target Support Files/Pods-Flix-FlixUITests/Pods-Flix-FlixUITests-frameworks.sh\"\n";
			showEnvVarsInLog = 0;
		};
		7A9CBF4B70A61E54AD8A4A06 /* [CP] Check Pods Manifest.lock */ = {
			isa = PBXShellScriptBuildPhase;
			buildActionMask = 2147483647;
			files = (
			);
			inputFileListPaths = (
			);
			inputPaths = (
				"${PODS_PODFILE_DIR_PATH}/Podfile.lock",
				"${PODS_ROOT}/Manifest.lock",
			);
			name = "[CP] Check Pods Manifest.lock";
			outputFileListPaths = (
			);
			outputPaths = (
				"$(DERIVED_FILE_DIR)/Pods-FlixTests-checkManifestLockResult.txt",
			);
			runOnlyForDeploymentPostprocessing = 0;
			shellPath = /bin/sh;
			shellScript = "diff \"${PODS_PODFILE_DIR_PATH}/Podfile.lock\" \"${PODS_ROOT}/Manifest.lock\" > /dev/null\nif [ $? != 0 ] ; then\n    # print error to STDERR\n    echo \"error: The sandbox is not in sync with the Podfile.lock. Run 'pod install' or update your CocoaPods installation.\" >&2\n    exit 1\nfi\n# This output is used by Xcode 'outputs' to avoid re-running this script phase.\necho \"SUCCESS\" > \"${SCRIPT_OUTPUT_FILE_0}\"\n";
			showEnvVarsInLog = 0;
		};
		943F9EE6BE271CAEE19DE257 /* [CP] Embed Pods Frameworks */ = {
			isa = PBXShellScriptBuildPhase;
			buildActionMask = 2147483647;
			files = (
			);
			inputFileListPaths = (
				"${PODS_ROOT}/Target Support Files/Pods-Flix/Pods-Flix-frameworks-${CONFIGURATION}-input-files.xcfilelist",
			);
			name = "[CP] Embed Pods Frameworks";
			outputFileListPaths = (
				"${PODS_ROOT}/Target Support Files/Pods-Flix/Pods-Flix-frameworks-${CONFIGURATION}-output-files.xcfilelist",
			);
			runOnlyForDeploymentPostprocessing = 0;
			shellPath = /bin/sh;
			shellScript = "\"${PODS_ROOT}/Target Support Files/Pods-Flix/Pods-Flix-frameworks.sh\"\n";
			showEnvVarsInLog = 0;
		};
		991566745DE8667564866710 /* [CP] Check Pods Manifest.lock */ = {
			isa = PBXShellScriptBuildPhase;
			buildActionMask = 2147483647;
			files = (
			);
			inputFileListPaths = (
			);
			inputPaths = (
				"${PODS_PODFILE_DIR_PATH}/Podfile.lock",
				"${PODS_ROOT}/Manifest.lock",
			);
			name = "[CP] Check Pods Manifest.lock";
			outputFileListPaths = (
			);
			outputPaths = (
				"$(DERIVED_FILE_DIR)/Pods-Flix-FlixUITests-checkManifestLockResult.txt",
			);
			runOnlyForDeploymentPostprocessing = 0;
			shellPath = /bin/sh;
			shellScript = "diff \"${PODS_PODFILE_DIR_PATH}/Podfile.lock\" \"${PODS_ROOT}/Manifest.lock\" > /dev/null\nif [ $? != 0 ] ; then\n    # print error to STDERR\n    echo \"error: The sandbox is not in sync with the Podfile.lock. Run 'pod install' or update your CocoaPods installation.\" >&2\n    exit 1\nfi\n# This output is used by Xcode 'outputs' to avoid re-running this script phase.\necho \"SUCCESS\" > \"${SCRIPT_OUTPUT_FILE_0}\"\n";
			showEnvVarsInLog = 0;
		};
		EE5DCA22A8E2849D59674ED9 /* [CP] Check Pods Manifest.lock */ = {
			isa = PBXShellScriptBuildPhase;
			buildActionMask = 2147483647;
			files = (
			);
			inputFileListPaths = (
			);
			inputPaths = (
				"${PODS_PODFILE_DIR_PATH}/Podfile.lock",
				"${PODS_ROOT}/Manifest.lock",
			);
			name = "[CP] Check Pods Manifest.lock";
			outputFileListPaths = (
			);
			outputPaths = (
				"$(DERIVED_FILE_DIR)/Pods-Flix-checkManifestLockResult.txt",
			);
			runOnlyForDeploymentPostprocessing = 0;
			shellPath = /bin/sh;
			shellScript = "diff \"${PODS_PODFILE_DIR_PATH}/Podfile.lock\" \"${PODS_ROOT}/Manifest.lock\" > /dev/null\nif [ $? != 0 ] ; then\n    # print error to STDERR\n    echo \"error: The sandbox is not in sync with the Podfile.lock. Run 'pod install' or update your CocoaPods installation.\" >&2\n    exit 1\nfi\n# This output is used by Xcode 'outputs' to avoid re-running this script phase.\necho \"SUCCESS\" > \"${SCRIPT_OUTPUT_FILE_0}\"\n";
			showEnvVarsInLog = 0;
		};
/* End PBXShellScriptBuildPhase section */

/* Begin PBXSourcesBuildPhase section */
		1E2702412543ED1400AAE0EA /* Sources */ = {
			isa = PBXSourcesBuildPhase;
			buildActionMask = 2147483647;
			files = (
				1E2702492543ED1400AAE0EA /* AppDelegate.swift in Sources */,
				1E27024B2543ED1400AAE0EA /* SceneDelegate.swift in Sources */,
				1E2702842543F38500AAE0EA /* MovieCell.swift in Sources */,
				1E27027F2543EDB100AAE0EA /* MoviesViewController.swift in Sources */,
			);
			runOnlyForDeploymentPostprocessing = 0;
		};
		1E2702572543ED1700AAE0EA /* Sources */ = {
			isa = PBXSourcesBuildPhase;
			buildActionMask = 2147483647;
			files = (
				1E2702602543ED1700AAE0EA /* FlixTests.swift in Sources */,
			);
			runOnlyForDeploymentPostprocessing = 0;
		};
		1E2702622543ED1700AAE0EA /* Sources */ = {
			isa = PBXSourcesBuildPhase;
			buildActionMask = 2147483647;
			files = (
				1E27026B2543ED1700AAE0EA /* FlixUITests.swift in Sources */,
			);
			runOnlyForDeploymentPostprocessing = 0;
		};
/* End PBXSourcesBuildPhase section */

/* Begin PBXTargetDependency section */
		1E27025D2543ED1700AAE0EA /* PBXTargetDependency */ = {
			isa = PBXTargetDependency;
			target = 1E2702442543ED1400AAE0EA /* Flix */;
			targetProxy = 1E27025C2543ED1700AAE0EA /* PBXContainerItemProxy */;
		};
		1E2702682543ED1700AAE0EA /* PBXTargetDependency */ = {
			isa = PBXTargetDependency;
			target = 1E2702442543ED1400AAE0EA /* Flix */;
			targetProxy = 1E2702672543ED1700AAE0EA /* PBXContainerItemProxy */;
		};
/* End PBXTargetDependency section */

/* Begin PBXVariantGroup section */
		1E27024E2543ED1400AAE0EA /* Main.storyboard */ = {
			isa = PBXVariantGroup;
			children = (
				1E27024F2543ED1400AAE0EA /* Base */,
			);
			name = Main.storyboard;
			sourceTree = "<group>";
		};
		1E2702532543ED1600AAE0EA /* LaunchScreen.storyboard */ = {
			isa = PBXVariantGroup;
			children = (
				1E2702542543ED1600AAE0EA /* Base */,
			);
			name = LaunchScreen.storyboard;
			sourceTree = "<group>";
		};
/* End PBXVariantGroup section */

/* Begin XCBuildConfiguration section */
		1E27026D2543ED1700AAE0EA /* Debug */ = {
			isa = XCBuildConfiguration;
			buildSettings = {
				ALWAYS_SEARCH_USER_PATHS = NO;
				CLANG_ANALYZER_NONNULL = YES;
				CLANG_ANALYZER_NUMBER_OBJECT_CONVERSION = YES_AGGRESSIVE;
				CLANG_CXX_LANGUAGE_STANDARD = "gnu++14";
				CLANG_CXX_LIBRARY = "libc++";
				CLANG_ENABLE_MODULES = YES;
				CLANG_ENABLE_OBJC_ARC = YES;
				CLANG_ENABLE_OBJC_WEAK = YES;
				CLANG_WARN_BLOCK_CAPTURE_AUTORELEASING = YES;
				CLANG_WARN_BOOL_CONVERSION = YES;
				CLANG_WARN_COMMA = YES;
				CLANG_WARN_CONSTANT_CONVERSION = YES;
				CLANG_WARN_DEPRECATED_OBJC_IMPLEMENTATIONS = YES;
				CLANG_WARN_DIRECT_OBJC_ISA_USAGE = YES_ERROR;
				CLANG_WARN_DOCUMENTATION_COMMENTS = YES;
				CLANG_WARN_EMPTY_BODY = YES;
				CLANG_WARN_ENUM_CONVERSION = YES;
				CLANG_WARN_INFINITE_RECURSION = YES;
				CLANG_WARN_INT_CONVERSION = YES;
				CLANG_WARN_NON_LITERAL_NULL_CONVERSION = YES;
				CLANG_WARN_OBJC_IMPLICIT_RETAIN_SELF = YES;
				CLANG_WARN_OBJC_LITERAL_CONVERSION = YES;
				CLANG_WARN_OBJC_ROOT_CLASS = YES_ERROR;
				CLANG_WARN_QUOTED_INCLUDE_IN_FRAMEWORK_HEADER = YES;
				CLANG_WARN_RANGE_LOOP_ANALYSIS = YES;
				CLANG_WARN_STRICT_PROTOTYPES = YES;
				CLANG_WARN_SUSPICIOUS_MOVE = YES;
				CLANG_WARN_UNGUARDED_AVAILABILITY = YES_AGGRESSIVE;
				CLANG_WARN_UNREACHABLE_CODE = YES;
				CLANG_WARN__DUPLICATE_METHOD_MATCH = YES;
				COPY_PHASE_STRIP = NO;
				DEBUG_INFORMATION_FORMAT = dwarf;
				ENABLE_STRICT_OBJC_MSGSEND = YES;
				ENABLE_TESTABILITY = YES;
				GCC_C_LANGUAGE_STANDARD = gnu11;
				GCC_DYNAMIC_NO_PIC = NO;
				GCC_NO_COMMON_BLOCKS = YES;
				GCC_OPTIMIZATION_LEVEL = 0;
				GCC_PREPROCESSOR_DEFINITIONS = (
					"DEBUG=1",
					"$(inherited)",
				);
				GCC_WARN_64_TO_32_BIT_CONVERSION = YES;
				GCC_WARN_ABOUT_RETURN_TYPE = YES_ERROR;
				GCC_WARN_UNDECLARED_SELECTOR = YES;
				GCC_WARN_UNINITIALIZED_AUTOS = YES_AGGRESSIVE;
				GCC_WARN_UNUSED_FUNCTION = YES;
				GCC_WARN_UNUSED_VARIABLE = YES;
				IPHONEOS_DEPLOYMENT_TARGET = 14.0;
				MTL_ENABLE_DEBUG_INFO = INCLUDE_SOURCE;
				MTL_FAST_MATH = YES;
				ONLY_ACTIVE_ARCH = YES;
				SDKROOT = iphoneos;
				SWIFT_ACTIVE_COMPILATION_CONDITIONS = DEBUG;
				SWIFT_OPTIMIZATION_LEVEL = "-Onone";
			};
			name = Debug;
		};
		1E27026E2543ED1700AAE0EA /* Release */ = {
			isa = XCBuildConfiguration;
			buildSettings = {
				ALWAYS_SEARCH_USER_PATHS = NO;
				CLANG_ANALYZER_NONNULL = YES;
				CLANG_ANALYZER_NUMBER_OBJECT_CONVERSION = YES_AGGRESSIVE;
				CLANG_CXX_LANGUAGE_STANDARD = "gnu++14";
				CLANG_CXX_LIBRARY = "libc++";
				CLANG_ENABLE_MODULES = YES;
				CLANG_ENABLE_OBJC_ARC = YES;
				CLANG_ENABLE_OBJC_WEAK = YES;
				CLANG_WARN_BLOCK_CAPTURE_AUTORELEASING = YES;
				CLANG_WARN_BOOL_CONVERSION = YES;
				CLANG_WARN_COMMA = YES;
				CLANG_WARN_CONSTANT_CONVERSION = YES;
				CLANG_WARN_DEPRECATED_OBJC_IMPLEMENTATIONS = YES;
				CLANG_WARN_DIRECT_OBJC_ISA_USAGE = YES_ERROR;
				CLANG_WARN_DOCUMENTATION_COMMENTS = YES;
				CLANG_WARN_EMPTY_BODY = YES;
				CLANG_WARN_ENUM_CONVERSION = YES;
				CLANG_WARN_INFINITE_RECURSION = YES;
				CLANG_WARN_INT_CONVERSION = YES;
				CLANG_WARN_NON_LITERAL_NULL_CONVERSION = YES;
				CLANG_WARN_OBJC_IMPLICIT_RETAIN_SELF = YES;
				CLANG_WARN_OBJC_LITERAL_CONVERSION = YES;
				CLANG_WARN_OBJC_ROOT_CLASS = YES_ERROR;
				CLANG_WARN_QUOTED_INCLUDE_IN_FRAMEWORK_HEADER = YES;
				CLANG_WARN_RANGE_LOOP_ANALYSIS = YES;
				CLANG_WARN_STRICT_PROTOTYPES = YES;
				CLANG_WARN_SUSPICIOUS_MOVE = YES;
				CLANG_WARN_UNGUARDED_AVAILABILITY = YES_AGGRESSIVE;
				CLANG_WARN_UNREACHABLE_CODE = YES;
				CLANG_WARN__DUPLICATE_METHOD_MATCH = YES;
				COPY_PHASE_STRIP = NO;
				DEBUG_INFORMATION_FORMAT = "dwarf-with-dsym";
				ENABLE_NS_ASSERTIONS = NO;
				ENABLE_STRICT_OBJC_MSGSEND = YES;
				GCC_C_LANGUAGE_STANDARD = gnu11;
				GCC_NO_COMMON_BLOCKS = YES;
				GCC_WARN_64_TO_32_BIT_CONVERSION = YES;
				GCC_WARN_ABOUT_RETURN_TYPE = YES_ERROR;
				GCC_WARN_UNDECLARED_SELECTOR = YES;
				GCC_WARN_UNINITIALIZED_AUTOS = YES_AGGRESSIVE;
				GCC_WARN_UNUSED_FUNCTION = YES;
				GCC_WARN_UNUSED_VARIABLE = YES;
				IPHONEOS_DEPLOYMENT_TARGET = 14.0;
				MTL_ENABLE_DEBUG_INFO = NO;
				MTL_FAST_MATH = YES;
				SDKROOT = iphoneos;
				SWIFT_COMPILATION_MODE = wholemodule;
				SWIFT_OPTIMIZATION_LEVEL = "-O";
				VALIDATE_PRODUCT = YES;
			};
			name = Release;
		};
		1E2702702543ED1700AAE0EA /* Debug */ = {
			isa = XCBuildConfiguration;
			baseConfigurationReference = 1E7EE0B4AFAA3DBFFED2744B /* Pods-Flix.debug.xcconfig */;
			buildSettings = {
				ASSETCATALOG_COMPILER_APPICON_NAME = AppIcon;
				ASSETCATALOG_COMPILER_GLOBAL_ACCENT_COLOR_NAME = AccentColor;
				CODE_SIGN_STYLE = Automatic;
				INFOPLIST_FILE = Flix/Info.plist;
				LD_RUNPATH_SEARCH_PATHS = (
					"$(inherited)",
					"@executable_path/Frameworks",
				);
				PRODUCT_BUNDLE_IDENTIFIER = com.Rinchen.Flix;
				PRODUCT_NAME = "$(TARGET_NAME)";
				SWIFT_VERSION = 5.0;
				TARGETED_DEVICE_FAMILY = "1,2";
			};
			name = Debug;
		};
		1E2702712543ED1700AAE0EA /* Release */ = {
			isa = XCBuildConfiguration;
			baseConfigurationReference = D0728BDA1D96A4AE31D3DCA9 /* Pods-Flix.release.xcconfig */;
			buildSettings = {
				ASSETCATALOG_COMPILER_APPICON_NAME = AppIcon;
				ASSETCATALOG_COMPILER_GLOBAL_ACCENT_COLOR_NAME = AccentColor;
				CODE_SIGN_STYLE = Automatic;
				INFOPLIST_FILE = Flix/Info.plist;
				LD_RUNPATH_SEARCH_PATHS = (
					"$(inherited)",
					"@executable_path/Frameworks",
				);
				PRODUCT_BUNDLE_IDENTIFIER = com.Rinchen.Flix;
				PRODUCT_NAME = "$(TARGET_NAME)";
				SWIFT_VERSION = 5.0;
				TARGETED_DEVICE_FAMILY = "1,2";
			};
			name = Release;
		};
		1E2702732543ED1700AAE0EA /* Debug */ = {
			isa = XCBuildConfiguration;
			baseConfigurationReference = 0EB58D8F4DD917DD2583E82A /* Pods-FlixTests.debug.xcconfig */;
			buildSettings = {
				ALWAYS_EMBED_SWIFT_STANDARD_LIBRARIES = YES;
				BUNDLE_LOADER = "$(TEST_HOST)";
				CODE_SIGN_STYLE = Automatic;
				INFOPLIST_FILE = FlixTests/Info.plist;
				IPHONEOS_DEPLOYMENT_TARGET = 14.0;
				LD_RUNPATH_SEARCH_PATHS = (
					"$(inherited)",
					"@executable_path/Frameworks",
					"@loader_path/Frameworks",
				);
				PRODUCT_BUNDLE_IDENTIFIER = com.Rinchen.FlixTests;
				PRODUCT_NAME = "$(TARGET_NAME)";
				SWIFT_VERSION = 5.0;
				TARGETED_DEVICE_FAMILY = "1,2";
				TEST_HOST = "$(BUILT_PRODUCTS_DIR)/Flix.app/Flix";
			};
			name = Debug;
		};
		1E2702742543ED1700AAE0EA /* Release */ = {
			isa = XCBuildConfiguration;
			baseConfigurationReference = 917E74B826BE0FAD4432754D /* Pods-FlixTests.release.xcconfig */;
			buildSettings = {
				ALWAYS_EMBED_SWIFT_STANDARD_LIBRARIES = YES;
				BUNDLE_LOADER = "$(TEST_HOST)";
				CODE_SIGN_STYLE = Automatic;
				INFOPLIST_FILE = FlixTests/Info.plist;
				IPHONEOS_DEPLOYMENT_TARGET = 14.0;
				LD_RUNPATH_SEARCH_PATHS = (
					"$(inherited)",
					"@executable_path/Frameworks",
					"@loader_path/Frameworks",
				);
				PRODUCT_BUNDLE_IDENTIFIER = com.Rinchen.FlixTests;
				PRODUCT_NAME = "$(TARGET_NAME)";
				SWIFT_VERSION = 5.0;
				TARGETED_DEVICE_FAMILY = "1,2";
				TEST_HOST = "$(BUILT_PRODUCTS_DIR)/Flix.app/Flix";
			};
			name = Release;
		};
		1E2702762543ED1700AAE0EA /* Debug */ = {
			isa = XCBuildConfiguration;
			baseConfigurationReference = 33CF9769978306136CF0F265 /* Pods-Flix-FlixUITests.debug.xcconfig */;
			buildSettings = {
				ALWAYS_EMBED_SWIFT_STANDARD_LIBRARIES = YES;
				CODE_SIGN_STYLE = Automatic;
				INFOPLIST_FILE = FlixUITests/Info.plist;
				LD_RUNPATH_SEARCH_PATHS = (
					"$(inherited)",
					"@executable_path/Frameworks",
					"@loader_path/Frameworks",
				);
				PRODUCT_BUNDLE_IDENTIFIER = com.Rinchen.FlixUITests;
				PRODUCT_NAME = "$(TARGET_NAME)";
				SWIFT_VERSION = 5.0;
				TARGETED_DEVICE_FAMILY = "1,2";
				TEST_TARGET_NAME = Flix;
			};
			name = Debug;
		};
		1E2702772543ED1700AAE0EA /* Release */ = {
			isa = XCBuildConfiguration;
			baseConfigurationReference = F882B69476F2DD0D4BB2C8BE /* Pods-Flix-FlixUITests.release.xcconfig */;
			buildSettings = {
				ALWAYS_EMBED_SWIFT_STANDARD_LIBRARIES = YES;
				CODE_SIGN_STYLE = Automatic;
				INFOPLIST_FILE = FlixUITests/Info.plist;
				LD_RUNPATH_SEARCH_PATHS = (
					"$(inherited)",
					"@executable_path/Frameworks",
					"@loader_path/Frameworks",
				);
				PRODUCT_BUNDLE_IDENTIFIER = com.Rinchen.FlixUITests;
				PRODUCT_NAME = "$(TARGET_NAME)";
				SWIFT_VERSION = 5.0;
				TARGETED_DEVICE_FAMILY = "1,2";
				TEST_TARGET_NAME = Flix;
			};
			name = Release;
		};
/* End XCBuildConfiguration section */

/* Begin XCConfigurationList section */
		1E2702402543ED1400AAE0EA /* Build configuration list for PBXProject "Flix" */ = {
			isa = XCConfigurationList;
			buildConfigurations = (
				1E27026D2543ED1700AAE0EA /* Debug */,
				1E27026E2543ED1700AAE0EA /* Release */,
			);
			defaultConfigurationIsVisible = 0;
			defaultConfigurationName = Release;
		};
		1E27026F2543ED1700AAE0EA /* Build configuration list for PBXNativeTarget "Flix" */ = {
			isa = XCConfigurationList;
			buildConfigurations = (
				1E2702702543ED1700AAE0EA /* Debug */,
				1E2702712543ED1700AAE0EA /* Release */,
			);
			defaultConfigurationIsVisible = 0;
			defaultConfigurationName = Release;
		};
		1E2702722543ED1700AAE0EA /* Build configuration list for PBXNativeTarget "FlixTests" */ = {
			isa = XCConfigurationList;
			buildConfigurations = (
				1E2702732543ED1700AAE0EA /* Debug */,
				1E2702742543ED1700AAE0EA /* Release */,
			);
			defaultConfigurationIsVisible = 0;
			defaultConfigurationName = Release;
		};
		1E2702752543ED1700AAE0EA /* Build configuration list for PBXNativeTarget "FlixUITests" */ = {
			isa = XCConfigurationList;
			buildConfigurations = (
				1E2702762543ED1700AAE0EA /* Debug */,
				1E2702772543ED1700AAE0EA /* Release */,
			);
			defaultConfigurationIsVisible = 0;
			defaultConfigurationName = Release;
		};
/* End XCConfigurationList section */
	};
	rootObject = 1E27023D2543ED1400AAE0EA /* Project object */;
}
